
Microsoft Visual Studio Solution File, Format Version 12.00
# Visual Studio Version 17
VisualStudioVersion = 17.12.35521.163
MinimumVisualStudioVersion = 10.0.40219.1
Project("{FAE04EC0-301F-11D3-BF4B-00C04F79EFBC}") = "ArrayCode", "..\ArrayCode\ArrayCode.csproj", "{FB22935F-7FE4-44B9-B204-19D190A05BF2}"
EndProject
Project("{FAE04EC0-301F-11D3-BF4B-00C04F79EFBC}") = "LinkListCode", "LinkListCode\LinkListCode.csproj", "{7A2E62CD-1EAF-4480-801D-344C275763CA}"
EndProject
Project("{FAE04EC0-301F-11D3-BF4B-00C04F79EFBC}") = "HashTableCode", "HashTableCode\HashTableCode.csproj", "{8715C422-B967-4AA1-B93D-B0F35B63207A}"
EndProject
Global
	GlobalSection(SolutionConfigurationPlatforms) = preSolution
		Debug|Any CPU = Debug|Any CPU
		Release|Any CPU = Release|Any CPU
	EndGlobalSection
	GlobalSection(ProjectConfigurationPlatforms) = postSolution
		{FB22935F-7FE4-44B9-B204-19D190A05BF2}.Debug|Any CPU.ActiveCfg = Debug|Any CPU
		{FB22935F-7FE4-44B9-B204-19D190A05BF2}.Debug|Any CPU.Build.0 = Debug|Any CPU
		{FB22935F-7FE4-44B9-B204-19D190A05BF2}.Release|Any CPU.ActiveCfg = Release|Any CPU
		{FB22935F-7FE4-44B9-B204-19D190A05BF2}.Release|Any CPU.Build.0 = Release|Any CPU
		{7A2E62CD-1EAF-4480-801D-344C275763CA}.Debug|Any CPU.ActiveCfg = Debug|Any CPU
		{7A2E62CD-1EAF-4480-801D-344C275763CA}.Debug|Any CPU.Build.0 = Debug|Any CPU
		{7A2E62CD-1EAF-4480-801D-344C275763CA}.Release|Any CPU.ActiveCfg = Release|Any CPU
		{7A2E62CD-1EAF-4480-801D-344C275763CA}.Release|Any CPU.Build.0 = Release|Any CPU
		{8715C422-B967-4AA1-B93D-B0F35B63207A}.Debug|Any CPU.ActiveCfg = Debug|Any CPU
		{8715C422-B967-4AA1-B93D-B0F35B63207A}.Debug|Any CPU.Build.0 = Debug|Any CPU
		{8715C422-B967-4AA1-B93D-B0F35B63207A}.Release|Any CPU.ActiveCfg = Release|Any CPU
		{8715C422-B967-4AA1-B93D-B0F35B63207A}.Release|Any CPU.Build.0 = Release|Any CPU
	EndGlobalSection
	GlobalSection(SolutionProperties) = preSolution
		HideSolutionNode = FALSE
	EndGlobalSection
EndGlobal
